# @generated - this file is auto-generated by `mise lock` https://mise.jdx.dev/dev-tools/mise-lock.html

lockfile_version = 2

[[tools."aqua:BurntSushi/ripgrep"]]
version = "15.2.0"
backend = "aqua:BurntSushi/ripgrep"
specifiers = ["latest"]

[tools."aqua:BurntSushi/ripgrep"."platforms.linux-arm64"]
checksum = "sha256:a740b91c82eaf9914cfedd353572f2791cbe0162c84101ee0951058f4dcbc90d"
url = "https://github.com/BurntSushi/ripgrep/releases/download/15.2.0/ripgrep-15.2.0-aarch64-unknown-linux-gnu.tar.gz"
url_api = "https://api.github.com/repos/BurntSushi/ripgrep/releases/assets/478119579"

[tools."aqua:BurntSushi/ripgrep"."platforms.linux-x64"]
checksum = "sha256:33e15bcf1624b25cdd2a55813a47a2f95dbe126268203e76aa6a585d1e7b149c"
url = "https://github.com/BurntSushi/ripgrep/releases/download/15.2.0/ripgrep-15.2.0-x86_64-unknown-linux-musl.tar.gz"
url_api = "https://api.github.com/repos/BurntSushi/ripgrep/releases/assets/478120097"

[[tools."aqua:Wilfred/difftastic"]]
version = "0.71.0"
backend = "aqua:Wilfred/difftastic"
specifiers = ["latest"]

[tools."aqua:Wilfred/difftastic"."platforms.linux-arm64"]
checksum = "sha256:5f046098b36ff985d0f99fec6f22cf74961db60386ff9d40df39fd99660aae2c"
url = "https://github.com/Wilfred/difftastic/releases/download/0.71.0/difft-0.71.0-aarch64-unknown-linux-gnu.tar.gz"
url_api = "https://api.github.com/repos/Wilfred/difftastic/releases/assets/573540796"

[tools."aqua:Wilfred/difftastic"."platforms.linux-x64"]
checksum = "sha256:61aea5394a53c56f144637cf39b3a0c0dafa27769731745e5851ff276e6478da"
url = "https://github.com/Wilfred/difftastic/releases/download/0.71.0/difft-0.71.0-x86_64-unknown-linux-gnu.tar.gz"
url_api = "https://api.github.com/repos/Wilfred/difftastic/releases/assets/573539079"

[[tools."aqua:ajeetdsouza/zoxide"]]
version = "0.10.0"
backend = "aqua:ajeetdsouza/zoxide"
specifiers = ["latest"]

[tools."aqua:ajeetdsouza/zoxide"."platforms.linux-arm64"]
checksum = "sha256:f1f16c5d6298d63dee467eedea1cdcd8490e43e493bea43acd416dc9033ef641"
url = "https://github.com/ajeetdsouza/zoxide/releases/download/v0.10.0/zoxide-0.10.0-aarch64-unknown-linux-musl.tar.gz"
url_api = "https://api.github.com/repos/ajeetdsouza/zoxide/releases/assets/466316402"

[tools."aqua:ajeetdsouza/zoxide"."platforms.linux-x64"]
checksum = "sha256:2d93385b99f3e82cf2701609a1bffcad863fbeb75aa3fe7eb6be4d29be68b1ae"
url = "https://github.com/ajeetdsouza/zoxide/releases/download/v0.10.0/zoxide-0.10.0-x86_64-unknown-linux-musl.tar.gz"
url_api = "https://api.github.com/repos/ajeetdsouza/zoxide/releases/assets/466316293"

[[tools."aqua:aristocratos/btop"]]
version = "1.4.7"
backend = "aqua:aristocratos/btop"
specifiers = ["latest"]

[tools."aqua:aristocratos/btop"."platforms.linux-arm64"]
checksum = "sha256:6270de0ef4c84cf0eea61cb148b3ad9ae91a11e9c3309867ffc6b3751024c252"
url = "https://github.com/aristocratos/btop/releases/download/v1.4.7/btop-aarch64-unknown-linux-musl.tar.gz"
url_api = "https://api.github.com/repos/aristocratos/btop/releases/assets/409963650"

[tools."aqua:aristocratos/btop"."platforms.linux-x64"]
checksum = "sha256:5099054dd6a101bd12eb6ff3702a9a6a3f57aaa27923a0da478ae5b517faf335"
url = "https://github.com/aristocratos/btop/releases/download/v1.4.7/btop-x86_64-unknown-linux-musl.tar.gz"
url_api = "https://api.github.com/repos/aristocratos/btop/releases/assets/409963672"

[[tools."aqua:astral-sh/uv"]]
version = "0.12.18"
backend = "aqua:astral-sh/uv"
specifiers = ["latest"]

[tools."aqua:astral-sh/uv"."platforms.linux-arm64"]
checksum = "sha256:afb6291f3f0a6b4521fc67b947822506c41dde5b60d2189dd8f3695b2ac8c9e7"
url = "https://github.com/astral-sh/uv/releases/download/0.12.18/uv-aarch64-unknown-linux-gnu.tar.gz"
url_api = "https://api.github.com/repos/astral-sh/uv/releases/assets/582430569"
provenance = "github-attestations"

[tools."aqua:astral-sh/uv"."platforms.linux-x64"]
checksum = "sha256:89eadd7c76fc063887959510d5ba0ab1264dfd5f1143b925ddb73021a40acf16"
url = "https://github.com/astral-sh/uv/releases/download/0.12.18/uv-x86_64-unknown-linux-gnu.tar.gz"
url_api = "https://api.github.com/repos/astral-sh/uv/releases/assets/582430671"
provenance = "github-attestations"

[[tools."aqua:atuinsh/atuin"]]
version = "18.23.0"
backend = "aqua:atuinsh/atuin"
specifiers = ["latest"]

[tools."aqua:atuinsh/atuin"."platforms.linux-arm64"]
checksum = "sha256:21869faff1fedb9f8fb27837136567b089bcd588d21252533d5b314605517ae2"
url = "https://github.com/atuinsh/atuin/releases/download/v18.23.0/atuin-aarch64-unknown-linux-gnu.tar.gz"
url_api = "https://api.github.com/repos/atuinsh/atuin/releases/assets/580134142"
provenance = "github-attestations"

[tools."aqua:atuinsh/atuin"."platforms.linux-x64"]
checksum = "sha256:5cf46e926b696a9b23a3c61ef3cb00f8f7c156d1d7b7967a3b51741653b48ba3"
url = "https://github.com/atuinsh/atuin/releases/download/v18.23.0/atuin-x86_64-unknown-linux-gnu.tar.gz"
url_api = "https://api.github.com/repos/atuinsh/atuin/releases/assets/580134239"
provenance = "github-attestations"

[[tools."aqua:bootandy/dust"]]
version = "1.2.6"
backend = "aqua:bootandy/dust"
specifiers = ["latest"]

[tools."aqua:bootandy/dust"."platforms.linux-arm64"]
checksum = "sha256:ec6a63bc275a33000443d444fd5424e56745aa995bc88e1080cd951e5e9e5cbf"
url = "https://github.com/bootandy/dust/releases/download/v1.2.6/dust-v1.2.6-aarch64-unknown-linux-gnu.tar.gz"
url_api = "https://api.github.com/repos/bootandy/dust/releases/assets/568852461"

[tools."aqua:bootandy/dust"."platforms.linux-x64"]
checksum = "sha256:14f788707aad217667f6812cf1a9639bf5c861a2ee815d486cffc36051f5e759"
url = "https://github.com/bootandy/dust/releases/download/v1.2.6/dust-v1.2.6-x86_64-unknown-linux-gnu.tar.gz"
url_api = "https://api.github.com/repos/bootandy/dust/releases/assets/568852367"

[[tools."aqua:chmln/sd"]]
version = "1.1.0"
backend = "aqua:chmln/sd"
specifiers = ["latest"]

[tools."aqua:chmln/sd"."platforms.linux-arm64"]
checksum = "sha256:ec8c93c0533ff21f4851d11566808d4082544baf063d9b96ea77c27e98b7cd99"
url = "https://github.com/chmln/sd/releases/download/v1.1.0/sd-v1.1.0-aarch64-unknown-linux-musl.tar.gz"
url_api = "https://api.github.com/repos/chmln/sd/releases/assets/362325535"

[tools."aqua:chmln/sd"."platforms.linux-x64"]
checksum = "sha256:3613eca74cd686739bb5a6d68319aa56c747e7315274d02323a2ca2b1c5d82d2"
url = "https://github.com/chmln/sd/releases/download/v1.1.0/sd-v1.1.0-x86_64-unknown-linux-gnu.tar.gz"
url_api = "https://api.github.com/repos/chmln/sd/releases/assets/362325296"

[[tools."aqua:cli/cli"]]
version = "2.101.0"
backend = "aqua:cli/cli"
specifiers = ["latest"]

[tools."aqua:cli/cli"."platforms.linux-arm64"]
checksum = "sha256:b57e8063f18862647c9d22727c32e9da1b963f8bf9db648fe123a6975695640f"
url = "https://github.com/cli/cli/releases/download/v2.101.0/gh_2.101.0_linux_arm64.tar.gz"
url_api = "https://api.github.com/repos/cli/cli/releases/assets/565857147"
provenance = "github-attestations"

[tools."aqua:cli/cli"."platforms.linux-x64"]
checksum = "sha256:9bca2d1c16825f109907a23307628a2f0698fbf99662b73a5cf0b020293072b8"
url = "https://github.com/cli/cli/releases/download/v2.101.0/gh_2.101.0_linux_amd64.tar.gz"
url_api = "https://api.github.com/repos/cli/cli/releases/assets/565857134"
provenance = "github-attestations"

[[tools."aqua:dandavison/delta"]]
version = "0.19.2"
backend = "aqua:dandavison/delta"
specifiers = ["latest"]

[tools."aqua:dandavison/delta"."platforms.linux-arm64"]
checksum = "sha256:0bfce159a5cddd5feb3d6db4a616d883ff51253ce08ac7ec11cb1d208cfaab9e"
url = "https://github.com/dandavison/delta/releases/download/0.19.2/delta-0.19.2-aarch64-unknown-linux-gnu.tar.gz"
url_api = "https://api.github.com/repos/dandavison/delta/releases/assets/383662337"

[tools."aqua:dandavison/delta"."platforms.linux-x64"]
checksum = "sha256:8e695c5f586a8c53d6c3b01be0b4a422ed218bfed2a56191caebe373a1c18ab2"
url = "https://github.com/dandavison/delta/releases/download/0.19.2/delta-0.19.2-x86_64-unknown-linux-gnu.tar.gz"
url_api = "https://api.github.com/repos/dandavison/delta/releases/assets/383662069"

[[tools."aqua:direnv/direnv"]]
version = "2.37.1"
backend = "aqua:direnv/direnv"
specifiers = ["latest"]

[tools."aqua:direnv/direnv"."platforms.linux-arm64"]
checksum = "sha256:2a9cef8d73521d6a3ec3f2871c4b747b8c4cc038628c1b57a7efa42b393a2d82"
url = "https://github.com/direnv/direnv/releases/download/v2.37.1/direnv.linux-arm64"
url_api = "https://api.github.com/repos/direnv/direnv/releases/assets/274610549"

[tools."aqua:direnv/direnv"."platforms.linux-x64"]
checksum = "sha256:1f1b93dd6f38523fde26dfac96151ef9d31a374e3005cd3345fb93555ae0c9b5"
url = "https://github.com/direnv/direnv/releases/download/v2.37.1/direnv.linux-amd64"
url_api = "https://api.github.com/repos/direnv/direnv/releases/assets/274610548"

[[tools."aqua:ducaale/xh"]]
version = "0.26.2"
backend = "aqua:ducaale/xh"
specifiers = ["latest"]

[tools."aqua:ducaale/xh"."platforms.linux-arm64"]
checksum = "sha256:3a44900a8ac53f614aa0cd1d2e54ecf4e93584384c1ad091aa18d7992686d7eb"
url = "https://github.com/ducaale/xh/releases/download/v0.26.2/xh-v0.26.2-aarch64-unknown-linux-musl.tar.gz"
url_api = "https://api.github.com/repos/ducaale/xh/releases/assets/490411000"

[tools."aqua:ducaale/xh"."platforms.linux-x64"]
checksum = "sha256:8c53b6a23435754f9e2ea8ab8c0d0296a1921404b88132cf9b364ff6e8c22a6e"
url = "https://github.com/ducaale/xh/releases/download/v0.26.2/xh-v0.26.2-x86_64-unknown-linux-musl.tar.gz"
url_api = "https://api.github.com/repos/ducaale/xh/releases/assets/490410371"

[[tools."aqua:eza-community/eza"]]
version = "0.23.5"
backend = "aqua:eza-community/eza"
specifiers = ["latest"]

[tools."aqua:eza-community/eza"."platforms.linux-arm64"]
checksum = "sha256:40b87ae8628aa2ff0f0d2dc24ab52f689631366385c3da630bae745671fd71ec"
url = "https://github.com/eza-community/eza/releases/download/v0.23.5/eza_aarch64-unknown-linux-gnu.tar.gz"
url_api = "https://api.github.com/repos/eza-community/eza/releases/assets/471228867"

[tools."aqua:eza-community/eza"."platforms.linux-x64"]
checksum = "sha256:35c70c5c43c29108075e58b893234c67ef585f0b53a7eaf8e9e7d4eec9f339b4"
url = "https://github.com/eza-community/eza/releases/download/v0.23.5/eza_x86_64-unknown-linux-gnu.tar.gz"
url_api = "https://api.github.com/repos/eza-community/eza/releases/assets/471228887"

[[tools."aqua:git-lfs/git-lfs"]]
version = "3.8.0"
backend = "aqua:git-lfs/git-lfs"
specifiers = ["latest"]

[tools."aqua:git-lfs/git-lfs"."platforms.linux-arm64"]
checksum = "sha256:ac9c8efac980bb0505ead384d087e2acb6486fd8498691a2165fa174ec6118c2"
url = "https://github.com/git-lfs/git-lfs/releases/download/v3.8.0/git-lfs-linux-arm64-v3.8.0.tar.gz"
url_api = "https://api.github.com/repos/git-lfs/git-lfs/releases/assets/532993825"

[tools."aqua:git-lfs/git-lfs"."platforms.linux-x64"]
checksum = "sha256:e455e00f15d9b95661b8d53498ffb0c3367962cf1ec73c31ab7369516cd6ab8d"
url = "https://github.com/git-lfs/git-lfs/releases/download/v3.8.0/git-lfs-linux-amd64-v3.8.0.tar.gz"
url_api = "https://api.github.com/repos/git-lfs/git-lfs/releases/assets/532993734"

[[tools."aqua:herdrdev/herdr"]]
version = "0.9.1"
backend = "aqua:herdrdev/herdr"
specifiers = ["latest"]

[tools."aqua:herdrdev/herdr"."platforms.linux-arm64"]
checksum = "sha256:f4ccf4de745f2cb9a39a983e9ba3703dad50ec2a58dea83026ceab721bbd8d9e"
url = "https://github.com/herdrdev/herdr/releases/download/v0.9.1/herdr-linux-aarch64"
url_api = "https://api.github.com/repos/herdrdev/herdr/releases/assets/568559680"

[tools."aqua:herdrdev/herdr"."platforms.linux-x64"]
checksum = "sha256:2a02fed16beb651ef006e1d43f048f652ca4dc58ad053cd2d44450563d5c54b7"
url = "https://github.com/herdrdev/herdr/releases/download/v0.9.1/herdr-linux-x86_64"
url_api = "https://api.github.com/repos/herdrdev/herdr/releases/assets/568559679"

[[tools."aqua:jdx/usage"]]
version = "6.11.1"
backend = "aqua:jdx/usage"
specifiers = ["latest"]

[tools."aqua:jdx/usage"."platforms.linux-arm64"]
checksum = "sha256:90622145566409da24d282190ad17cc786c85d498d751543824ab62931705018"
url = "https://github.com/jdx/usage/releases/download/v6.11.1/usage-aarch64-unknown-linux-gnu.tar.gz"
url_api = "https://api.github.com/repos/jdx/usage/releases/assets/584024322"

[tools."aqua:jdx/usage"."platforms.linux-x64"]
checksum = "sha256:afa6cb0e76f88cc6392aeecf21bbcd869747d4eeb60ab84c98d6e6178edc359a"
url = "https://github.com/jdx/usage/releases/download/v6.11.1/usage-x86_64-unknown-linux-gnu.tar.gz"
url_api = "https://api.github.com/repos/jdx/usage/releases/assets/584024165"

[[tools."aqua:jesseduffield/lazygit"]]
version = "0.65.1"
backend = "aqua:jesseduffield/lazygit"
specifiers = ["latest"]

[tools."aqua:jesseduffield/lazygit"."platforms.linux-arm64"]
checksum = "sha256:49abecdf6adf4f2dfdb11bf7b9bfada267ea523612ed809d1c6d87f6c04000a7"
url = "https://github.com/jesseduffield/lazygit/releases/download/v0.65.1/lazygit_0.65.1_linux_arm64.tar.gz"
url_api = "https://api.github.com/repos/jesseduffield/lazygit/releases/assets/560658270"

[tools."aqua:jesseduffield/lazygit"."platforms.linux-x64"]
checksum = "sha256:02beacbcda0fa342e50ae3480ba8147307353af3fb28e1d5f790e02329c201a6"
url = "https://github.com/jesseduffield/lazygit/releases/download/v0.65.1/lazygit_0.65.1_linux_x86_64.tar.gz"
url_api = "https://api.github.com/repos/jesseduffield/lazygit/releases/assets/560658266"

[[tools."aqua:jqlang/jq"]]
version = "1.8.2"
backend = "aqua:jqlang/jq"
specifiers = ["latest"]

[tools."aqua:jqlang/jq"."platforms.linux-arm64"]
checksum = "sha256:8b85c817833814ddca00a144c33705546355afccf0cf39b188f3cdb48b852309"
url = "https://github.com/jqlang/jq/releases/download/jq-1.8.2/jq-linux-arm64"
url_api = "https://api.github.com/repos/jqlang/jq/releases/assets/453012756"
provenance = "github-attestations"

[tools."aqua:jqlang/jq"."platforms.linux-x64"]
checksum = "sha256:b1c22172dd303f3be49e935aa56aa48a8b7a46e0bc838b4997d3bb451495870f"
url = "https://github.com/jqlang/jq/releases/download/jq-1.8.2/jq-linux-amd64"
url_api = "https://api.github.com/repos/jqlang/jq/releases/assets/453012752"
provenance = "github-attestations"

[[tools."aqua:junegunn/fzf"]]
version = "0.74.4"
backend = "aqua:junegunn/fzf"
specifiers = ["latest"]

[tools."aqua:junegunn/fzf"."platforms.linux-arm64"]
checksum = "sha256:5d673b849f494f0d64ec471d8640b153ca8849e3846a31da17abdcfce8df6b46"
url = "https://github.com/junegunn/fzf/releases/download/v0.74.4/fzf-0.74.4-linux_arm64.tar.gz"
url_api = "https://api.github.com/repos/junegunn/fzf/releases/assets/558287789"

[tools."aqua:junegunn/fzf"."platforms.linux-x64"]
checksum = "sha256:05e6813a337cc722c3ed07e54a764b75cc5d671e2e60459db0ba696ee5fa7504"
url = "https://github.com/junegunn/fzf/releases/download/v0.74.4/fzf-0.74.4-linux_amd64.tar.gz"
url_api = "https://api.github.com/repos/junegunn/fzf/releases/assets/558287768"

[[tools."aqua:koalaman/shellcheck"]]
version = "0.11.0"
backend = "aqua:koalaman/shellcheck"
specifiers = ["latest"]

[tools."aqua:koalaman/shellcheck"."platforms.linux-arm64"]
checksum = "sha256:12b331c1d2db6b9eb13cfca64306b1b157a86eb69db83023e261eaa7e7c14588"
url = "https://github.com/koalaman/shellcheck/releases/download/v0.11.0/shellcheck-v0.11.0.linux.aarch64.tar.xz"
url_api = "https://api.github.com/repos/koalaman/shellcheck/releases/assets/279056934"

[tools."aqua:koalaman/shellcheck"."platforms.linux-x64"]
checksum = "sha256:8c3be12b05d5c177a04c29e3c78ce89ac86f1595681cab149b65b97c4e227198"
url = "https://github.com/koalaman/shellcheck/releases/download/v0.11.0/shellcheck-v0.11.0.linux.x86_64.tar.xz"
url_api = "https://api.github.com/repos/koalaman/shellcheck/releases/assets/279056942"

[[tools."aqua:mikefarah/yq"]]
version = "4.53.6"
backend = "aqua:mikefarah/yq"
specifiers = ["latest"]

[tools."aqua:mikefarah/yq"."platforms.linux-arm64"]
checksum = "sha256:88a1016bc1d657375a35864e4f44b6f333df8ff97b559f51bba0adcb2169df09"
url = "https://github.com/mikefarah/yq/releases/download/v4.53.6/yq_linux_arm64"
url_api = "https://api.github.com/repos/mikefarah/yq/releases/assets/522028007"
provenance = "cosign"

[tools."aqua:mikefarah/yq"."platforms.linux-x64"]
checksum = "sha256:c5f056448f973ae7d39b5401949648a78f2dc1947d6a8eb65be60d5c504b9385"
url = "https://github.com/mikefarah/yq/releases/download/v4.53.6/yq_linux_amd64"
url_api = "https://api.github.com/repos/mikefarah/yq/releases/assets/522028022"
provenance = "cosign"

[[tools."aqua:muesli/duf"]]
version = "0.9.1"
backend = "aqua:muesli/duf"
specifiers = ["latest"]

[tools."aqua:muesli/duf"."platforms.linux-arm64"]
checksum = "sha256:22ea0ad29f6610bf443aa351e600de97e47a9b380ef58316606a84bb8f595216"
url = "https://github.com/muesli/duf/releases/download/v0.9.1/duf_0.9.1_linux_arm64.tar.gz"
url_api = "https://api.github.com/repos/muesli/duf/releases/assets/291083817"

[tools."aqua:muesli/duf"."platforms.linux-x64"]
checksum = "sha256:5add851e7062c5e56939abb664705e4d14fa2d06289490aff31d51f153832de7"
url = "https://github.com/muesli/duf/releases/download/v0.9.1/duf_0.9.1_linux_x86_64.tar.gz"
url_api = "https://api.github.com/repos/muesli/duf/releases/assets/291083805"

[[tools."aqua:neovim/neovim"]]
version = "0.12.5"
backend = "aqua:neovim/neovim"
specifiers = ["latest"]

[tools."aqua:neovim/neovim"."platforms.linux-arm64"]
checksum = "sha256:1aa5ca085249580ae0f91eb14f27ec0919773ff2d99a163d03f3d6c21ac29725"
url = "https://github.com/neovim/neovim/releases/download/v0.12.5/nvim-linux-arm64.tar.gz"
url_api = "https://api.github.com/repos/neovim/neovim/releases/assets/526503739"

[tools."aqua:neovim/neovim"."platforms.linux-x64"]
checksum = "sha256:bce0f56eda1f1b1db6eee8f4133d7a38813ea07933837dd1777411ca384c6875"
url = "https://github.com/neovim/neovim/releases/download/v0.12.5/nvim-linux-x86_64.tar.gz"
url_api = "https://api.github.com/repos/neovim/neovim/releases/assets/526503737"

[[tools."aqua:sharkdp/bat"]]
version = "0.26.1"
backend = "aqua:sharkdp/bat"
specifiers = ["latest"]

[tools."aqua:sharkdp/bat"."platforms.linux-arm64"]
checksum = "sha256:422eb73e11c854fddd99f5ca8461c2f1d6e6dce0a2a8c3d5daade5ffcb6564aa"
url = "https://github.com/sharkdp/bat/releases/download/v0.26.1/bat-v0.26.1-aarch64-unknown-linux-gnu.tar.gz"
url_api = "https://api.github.com/repos/sharkdp/bat/releases/assets/323548647"

[tools."aqua:sharkdp/bat"."platforms.linux-x64"]
checksum = "sha256:726f04c8f576a7fd18b7634f1bbf2f915c43494c1c0f013baa3287edb0d5a2a3"
url = "https://github.com/sharkdp/bat/releases/download/v0.26.1/bat-v0.26.1-x86_64-unknown-linux-gnu.tar.gz"
url_api = "https://api.github.com/repos/sharkdp/bat/releases/assets/323549181"

[[tools."aqua:sharkdp/fd"]]
version = "10.5.0"
backend = "aqua:sharkdp/fd"
specifiers = ["latest"]

[tools."aqua:sharkdp/fd"."platforms.linux-arm64"]
checksum = "sha256:c0ee43802e3313a317c5af2f4eabd6ba13eeedd595af9775f05e18a13ac4f52c"
url = "https://github.com/sharkdp/fd/releases/download/v10.5.0/fd-v10.5.0-aarch64-unknown-linux-gnu.tar.gz"
url_api = "https://api.github.com/repos/sharkdp/fd/releases/assets/530482307"

[tools."aqua:sharkdp/fd"."platforms.linux-x64"]
checksum = "sha256:a1259cd129636efbc3fef123525c1b49e88fe5088c012630983c310e52fdfa95"
url = "https://github.com/sharkdp/fd/releases/download/v10.5.0/fd-v10.5.0-x86_64-unknown-linux-gnu.tar.gz"
url_api = "https://api.github.com/repos/sharkdp/fd/releases/assets/530481615"

[[tools."aqua:starship/starship"]]
version = "1.26.0"
backend = "aqua:starship/starship"
specifiers = ["latest"]

[tools."aqua:starship/starship"."platforms.linux-arm64"]
checksum = "sha256:dc30189378d2f2e287384e8a692d3f95ad1df64cf0e8c36aa9201516028aed6b"
url = "https://github.com/starship/starship/releases/download/v1.26.0/starship-aarch64-unknown-linux-musl.tar.gz"
url_api = "https://api.github.com/repos/starship/starship/releases/assets/460374586"

[tools."aqua:starship/starship"."platforms.linux-x64"]
checksum = "sha256:321f0dd7af8340a5f2e6a8fec6538a04f617486f9ec70d878f91c09cd8deef22"
url = "https://github.com/starship/starship/releases/download/v1.26.0/starship-x86_64-unknown-linux-gnu.tar.gz"
url_api = "https://api.github.com/repos/starship/starship/releases/assets/460374620"

[[tools."aqua:sxyazi/yazi"]]
version = "26.9.1"
backend = "aqua:sxyazi/yazi"
specifiers = ["latest"]

[tools."aqua:sxyazi/yazi"."platforms.linux-arm64"]
checksum = "sha256:02807f08d6b589b65b7516a4e259d83f5995d7a23bb12b3a155141385b370b3a"
url = "https://github.com/sxyazi/yazi/releases/download/v26.9.1/yazi-aarch64-unknown-linux-gnu.zip"
url_api = "https://api.github.com/repos/sxyazi/yazi/releases/assets/539261402"

[tools."aqua:sxyazi/yazi"."platforms.linux-x64"]
checksum = "sha256:a02fe91d3304294048c681f010f1100856872a4e98ecf6927328e888d40a6ad2"
url = "https://github.com/sxyazi/yazi/releases/download/v26.9.1/yazi-x86_64-unknown-linux-gnu.zip"
url_api = "https://api.github.com/repos/sxyazi/yazi/releases/assets/539261400"

[[tools."aqua:tealdeer-rs/tealdeer"]]
version = "1.9.0"
backend = "aqua:tealdeer-rs/tealdeer"
specifiers = ["latest"]

[tools."aqua:tealdeer-rs/tealdeer"."platforms.linux-arm64"]
checksum = "sha256:a748f181c00933980cb850f4a24199c45900fc523787f6c524232a6bfc66b895"
url = "https://github.com/tealdeer-rs/tealdeer/releases/download/v1.9.0/tealdeer-linux-aarch64-musl"
url_api = "https://api.github.com/repos/tealdeer-rs/tealdeer/releases/assets/527792762"

[tools."aqua:tealdeer-rs/tealdeer"."platforms.linux-x64"]
checksum = "sha256:dc7263b550e90c0689ea2cb434e3144469805d5dddecbb1f7fc534e1185b7408"
url = "https://github.com/tealdeer-rs/tealdeer/releases/download/v1.9.0/tealdeer-linux-x86_64-musl"
url_api = "https://api.github.com/repos/tealdeer-rs/tealdeer/releases/assets/527792725"

[[tools."aqua:tmux/tmux-builds"]]
version = "3.7c"
backend = "aqua:tmux/tmux-builds"
specifiers = ["latest"]

[tools."aqua:tmux/tmux-builds"."platforms.linux-arm64"]
checksum = "sha256:29dcb978da2a4b0cf6790f9e004865dac239a3ba03bbf776dddacce23d03831b"
url = "https://github.com/tmux/tmux-builds/releases/download/v3.7c/tmux-3.7c-linux-arm64.tar.gz"
url_api = "https://api.github.com/repos/tmux/tmux-builds/releases/assets/528734863"

[tools."aqua:tmux/tmux-builds"."platforms.linux-x64"]
checksum = "sha256:cc56bd1cc873eb6089c615f0496b072385bda8a6d944069f38564a5d49c128aa"
url = "https://github.com/tmux/tmux-builds/releases/download/v3.7c/tmux-3.7c-linux-x86_64.tar.gz"
url_api = "https://api.github.com/repos/tmux/tmux-builds/releases/assets/528734864"

[[tools."aqua:tree-sitter/tree-sitter"]]
version = "0.27.0"
backend = "aqua:tree-sitter/tree-sitter"
specifiers = ["latest"]

[tools."aqua:tree-sitter/tree-sitter"."platforms.linux-arm64"]
checksum = "sha256:3a35a2dd961ad842384e982c75daf792c01d1a67e442fc3914d4de37bd8a59cb"
url = "https://github.com/tree-sitter/tree-sitter/releases/download/v0.27.0/tree-sitter-linux-arm64.gz"
url_api = "https://api.github.com/repos/tree-sitter/tree-sitter/releases/assets/536857304"
provenance = "github-attestations"

[tools."aqua:tree-sitter/tree-sitter"."platforms.linux-x64"]
checksum = "sha256:20a1f39ec1c45f2211492dcb8881c802b643b554bb196869a29ac3778277fa77"
url = "https://github.com/tree-sitter/tree-sitter/releases/download/v0.27.0/tree-sitter-linux-x64.gz"
url_api = "https://api.github.com/repos/tree-sitter/tree-sitter/releases/assets/536857303"
provenance = "github-attestations"

[[tools."aqua:twpayne/chezmoi"]]
version = "2.72.2"
backend = "aqua:twpayne/chezmoi"
specifiers = ["latest"]

[tools."aqua:twpayne/chezmoi"."platforms.linux-arm64"]
checksum = "sha256:499925fd10804b7c1a5dc4b4a275c8935261d02a4be0c18bbd41b7747810de67"
url = "https://github.com/twpayne/chezmoi/releases/download/v2.72.2/chezmoi_2.72.2_linux_arm64.tar.gz"
url_api = "https://api.github.com/repos/twpayne/chezmoi/releases/assets/561706486"
provenance = "cosign"

[tools."aqua:twpayne/chezmoi"."platforms.linux-x64"]
checksum = "sha256:a2be1b8bcdf06c6f173e070bb3ddbcc52c50478fe9b57f6e6c63d15c7cff4f03"
url = "https://github.com/twpayne/chezmoi/releases/download/v2.72.2/chezmoi_2.72.2_linux-glibc_amd64.tar.gz"
url_api = "https://api.github.com/repos/twpayne/chezmoi/releases/assets/561706563"
provenance = "cosign"

[[tools."github:dalance/procs"]]
version = "0.14.12"
backend = "github:dalance/procs"
specifiers = ["latest"]

[tools."github:dalance/procs"."platforms.linux-arm64"]
checksum = "sha256:74b4f82acc6fe553cbd5af20ba0baac420b42bef9bb0cbb38fef14b8317d9f91"
url = "https://github.com/dalance/procs/releases/download/v0.14.12/procs-v0.14.12-aarch64-linux.zip"
url_api = "https://api.github.com/repos/dalance/procs/releases/assets/457524789"

[tools."github:dalance/procs"."platforms.linux-x64"]
checksum = "sha256:81964faf9d5cd0e9f399d5d0954fb6fe4d4d9f7d3cbec4507633df5a45b11713"
url = "https://github.com/dalance/procs/releases/download/v0.14.12/procs-v0.14.12-x86_64-linux.zip"
url_api = "https://api.github.com/repos/dalance/procs/releases/assets/457525859"

[[tools."github:fish-shell/fish-shell"]]
version = "4.9.3"
backend = "github:fish-shell/fish-shell"
specifiers = ["latest"]

[tools."github:fish-shell/fish-shell"."platforms.linux-arm64"]
checksum = "sha256:57349f0111728c64b703a84e611aa97ff4d1fa8466385d64e67bd5bc3ffa49fc"
url = "https://github.com/fish-shell/fish-shell/releases/download/4.9.3/fish-4.9.3-linux-aarch64.tar.xz"
url_api = "https://api.github.com/repos/fish-shell/fish-shell/releases/assets/551107872"

[tools."github:fish-shell/fish-shell"."platforms.linux-x64"]
checksum = "sha256:8f643d10ad1abb0ef7072764c01ceb5cf61b2d373fda400cf60f0bad69b7e095"
url = "https://github.com/fish-shell/fish-shell/releases/download/4.9.3/fish-4.9.3-linux-x86_64.tar.xz"
url_api = "https://api.github.com/repos/fish-shell/fish-shell/releases/assets/551107873"

[[tools."github:umlx5h/gtrash"]]
version = "0.0.6"
backend = "github:umlx5h/gtrash"
specifiers = ["latest"]

[tools."github:umlx5h/gtrash"."platforms.linux-arm64"]
checksum = "sha256:6c0c761691227feb2aca7231c92641d7fd9cd93fdd39600be6b446b80b39fc7d"
url = "https://github.com/umlx5h/gtrash/releases/download/v0.0.6/gtrash_Linux_arm64.tar.gz"
url_api = "https://api.github.com/repos/umlx5h/gtrash/releases/assets/176947843"

[tools."github:umlx5h/gtrash"."platforms.linux-x64"]
checksum = "sha256:40d5560dc3ed34629f198203a6cce39529e413dbcbc48d8ebe1a3b716891d965"
url = "https://github.com/umlx5h/gtrash/releases/download/v0.0.6/gtrash_Linux_x86_64.tar.gz"
url_api = "https://api.github.com/repos/umlx5h/gtrash/releases/assets/176947849"
